// !$*UTF8*$!
{
	archiveVersion = 1;
	classes = {
	};
	objectVersion = 48;
	objects = {

/* Begin PBXBuildFile section */
		83073F34204011FD00A9D1F2 /* AppDelegate.swift in Sources */ = {isa = PBXBuildFile; fileRef = 83073F33204011FD00A9D1F2 /* AppDelegate.swift */; };
		83073F36204011FD00A9D1F2 /* ViewController.swift in Sources */ = {isa = PBXBuildFile; fileRef = 83073F35204011FD00A9D1F2 /* ViewController.swift */; };
		83073F39204011FD00A9D1F2 /* Main.storyboard in Resources */ = {isa = PBXBuildFile; fileRef = 83073F37204011FD00A9D1F2 /* Main.storyboard */; };
		83073F3B204011FD00A9D1F2 /* Assets.xcassets in Resources */ = {isa = PBXBuildFile; fileRef = 83073F3A204011FD00A9D1F2 /* Assets.xcassets */; };
		83073F3E204011FD00A9D1F2 /* LaunchScreen.storyboard in Resources */ = {isa = PBXBuildFile; fileRef = 83073F3C204011FD00A9D1F2 /* LaunchScreen.storyboard */; };
		83073F4E20402C6900A9D1F2 /* WorstViewController.swift in Sources */ = {isa = PBXBuildFile; fileRef = 83073F4D20402C6900A9D1F2 /* WorstViewController.swift */; };
/* End PBXBuildFile section */

/* Begin PBXFileReference section */
		83073F30204011FD00A9D1F2 /* TheWorstMovieApp.app */ = {isa = PBXFileReference; explicitFileType = wrapper.application; includeInIndex = 0; path = TheWorstMovieApp.app; sourceTree = BUILT_PRODUCTS_DIR; };
		83073F33204011FD00A9D1F2 /* AppDelegate.swift */ = {isa = PBXFileReference; lastKnownFileType = sourcecode.swift; path = AppDelegate.swift; sourceTree = "<group>"; };
		83073F35204011FD00A9D1F2 /* ViewController.swift */ = {isa = PBXFileReference; lastKnownFileType = sourcecode.swift; path = ViewController.swift; sourceTree = "<group>"; };
		83073F38204011FD00A9D1F2 /* Base */ = {isa = PBXFileReference; lastKnownFileType = file.storyboard; name = Base; path = Base.lproj/Main.storyboard; sourceTree = "<group>"; };
		83073F3A204011FD00A9D1F2 /* Assets.xcassets */ = {isa = PBXFileReference; lastKnownFileType = folder.assetcatalog; path = Assets.xcassets; sourceTree = "<group>"; };
		83073F3D204011FD00A9D1F2 /* Base */ = {isa = PBXFileReference; lastKnownFileType = file.storyboard; name = Base; path = Base.lproj/LaunchScreen.storyboard; sourceTree = "<group>"; };
		83073F3F204011FD00A9D1F2 /* Info.plist */ = {isa = PBXFileReference; lastKnownFileType = text.plist.xml; path = Info.plist; sourceTree = "<group>"; };
		83073F4D20402C6900A9D1F2 /* WorstViewController.swift */ = {isa = PBXFileReference; lastKnownFileType = sourcecode.swift; path = WorstViewController.swift; sourceTree = "<group>"; };
/* End PBXFileReference section */

/* Begin PBXFrameworksBuildPhase section */
		83073F2D204011FD00A9D1F2 /* Frameworks */ = {
			isa = PBXFrameworksBuildPhase;
			buildActionMask = 2147483647;
			files = (
			);
			runOnlyForDeploymentPostprocessing = 0;
		};
/* End PBXFrameworksBuildPhase section */

/* Begin PBXGroup section */
		83073F27204011FD00A9D1F2 = {
			isa = PBXGroup;
			children = (
				83073F32204011FD00A9D1F2 /* TheWorstMovieApp */,
				83073F31204011FD00A9D1F2 /* Products */,
			);
			sourceTree = "<group>";
		};
		83073F31204011FD00A9D1F2 /* Products */ = {
			isa = PBXGroup;
			children = (
				83073F30204011FD00A9D1F2 /* TheWorstMovieApp.app */,
			);
			name = Products;
			sourceTree = "<group>";
		};
		83073F32204011FD00A9D1F2 /* TheWorstMovieApp */ = {
			isa = PBXGroup;
			children = (
				83073F33204011FD00A9D1F2 /* AppDelegate.swift */,
				83073F35204011FD00A9D1F2 /* ViewController.swift */,
				83073F37204011FD00A9D1F2 /* Main.storyboard */,
				83073F3A204011FD00A9D1F2 /* Assets.xcassets */,
				83073F3C204011FD00A9D1F2 /* LaunchScreen.storyboard */,
				83073F3F204011FD00A9D1F2 /* Info.plist */,
				83073F4D20402C6900A9D1F2 /* WorstViewController.swift */,
			);
			path = TheWorstMovieApp;
			sourceTree = "<group>";
		};
/* End PBXGroup section */

/* Begin PBXNativeTarget section */
		83073F2F204011FD00A9D1F2 /* TheWorstMovieApp */ = {
			isa = PBXNativeTarget;
			buildConfigurationList = 83073F42204011FD00A9D1F2 /* Build configuration list for PBXNativeTarget "TheWorstMovieApp" */;
			buildPhases = (
				83073F2C204011FD00A9D1F2 /* Sources */,
				83073F2D204011FD00A9D1F2 /* Frameworks */,
				83073F2E204011FD00A9D1F2 /* Resources */,
			);
			buildRules = (
			);
			dependencies = (
			);
			name = TheWorstMovieApp;
			productName = TheWorstMovieApp;
			productReference = 83073F30204011FD00A9D1F2 /* TheWorstMovieApp.app */;
			productType = "com.apple.product-type.application";
		};
/* End PBXNativeTarget section */

/* Begin PBXProject section */
		83073F28204011FD00A9D1F2 /* Project object */ = {
			isa = PBXProject;
			attributes = {
				LastSwiftUpdateCheck = 0920;
				LastUpgradeCheck = 0940;
				ORGANIZATIONNAME = "Emil Karamihov";
				TargetAttributes = {
					83073F2F204011FD00A9D1F2 = {
						CreatedOnToolsVersion = 9.2;
						ProvisioningStyle = Automatic;
					};
				};
			};
			buildConfigurationList = 83073F2B204011FD00A9D1F2 /* Build configuration list for PBXProject "TheWorstMovieApp" */;
			compatibilityVersion = "Xcode 8.0";
			developmentRegion = en;
			hasScannedForEncodings = 0;
			knownRegions = (
				en,
				Base,
			);
			mainGroup = 83073F27204011FD00A9D1F2;
			productRefGroup = 83073F31204011FD00A9D1F2 /* Products */;
			projectDirPath = "";
			projectRoot = "";
			targets = (
				83073F2F204011FD00A9D1F2 /* TheWorstMovieApp */,
			);
		};
/* End PBXProject section */

/* Begin PBXResourcesBuildPhase section */
		83073F2E204011FD00A9D1F2 /* Resources */ = {
			isa = PBXResourcesBuildPhase;
			buildActionMask = 2147483647;
			files = (
				83073F3E204011FD00A9D1F2 /* LaunchScreen.storyboard in Resources */,
				83073F3B204011FD00A9D1F2 /* Assets.xcassets in Resources */,
				83073F39204011FD00A9D1F2 /* Main.storyboard in Resources */,
			);
			runOnlyForDeploymentPostprocessing = 0;
		};
/* End PBXResourcesBuildPhase section */

/* Begin PBXSourcesBuildPhase section */
		83073F2C204011FD00A9D1F2 /* Sources */ = {
			isa = PBXSourcesBuildPhase;
			buildActionMask = 2147483647;
			files = (
				83073F36204011FD00A9D1F2 /* ViewController.swift in Sources */,
				83073F34204011FD00A9D1F2 /* AppDelegate.swift in Sources */,
				83073F4E20402C6900A9D1F2 /* WorstViewController.swift in Sources */,
			);
			runOnlyForDeploymentPostprocessing = 0;
		};
/* End PBXSourcesBuildPhase section */

/* Begin PBXVariantGroup section */
		83073F37204011FD00A9D1F2 /* Main.storyboard */ = {
			isa = PBXVariantGroup;
			children = (
				83073F38204011FD00A9D1F2 /* Base */,
			);
			name = Main.storyboard;
			sourceTree = "<group>";
		};
		83073F3C204011FD00A9D1F2 /* LaunchScreen.storyboard */ = {
			isa = PBXVariantGroup;
			children = (
				83073F3D204011FD00A9D1F2 /* Base */,
			);
			name = LaunchScreen.storyboard;
			sourceTree = "<group>";
		};
/* End PBXVariantGroup section */

/* Begin XCBuildConfiguration section */
		83073F40204011FD00A9D1F2 /* Debug */ = {
			isa = XCBuildConfiguration;
			buildSettings = {
				ALWAYS_SEARCH_USER_PATHS = NO;
				CLANG_ANALYZER_NONNULL = YES;
				CLANG_ANALYZER_NUMBER_OBJECT_CONVERSION = YES_AGGRESSIVE;
				CLANG_CXX_LANGUAGE_STANDARD = "gnu++14";
				CLANG_CXX_LIBRARY = "libc++";
				CLANG_ENABLE_MODULES = YES;
				CLANG_ENABLE_OBJC_ARC = YES;
				CLANG_WARN_BLOCK_CAPTURE_AUTORELEASING = YES;
				CLANG_WARN_BOOL_CONVERSION = YES;
				CLANG_WARN_COMMA = YES;
				CLANG_WARN_CONSTANT_CONVERSION = YES;
				CLANG_WARN_DEPRECATED_OBJC_IMPLEMENTATIONS = YES;
				CLANG_WARN_DIRECT_OBJC_ISA_USAGE = YES_ERROR;
				CLANG_WARN_DOCUMENTATION_COMMENTS = YES;
				CLANG_WARN_EMPTY_BODY = YES;
				CLANG_WARN_ENUM_CONVERSION = YES;
				CLANG_WARN_INFINITE_RECURSION = YES;
				CLANG_WARN_INT_CONVERSION = YES;
				CLANG_WARN_NON_LITERAL_NULL_CONVERSION = YES;
				CLANG_WARN_OBJC_IMPLICIT_RETAIN_SELF = YES;
				CLANG_WARN_OBJC_LITERAL_CONVERSION = YES;
				CLANG_WARN_OBJC_ROOT_CLASS = YES_ERROR;
				CLANG_WARN_RANGE_LOOP_ANALYSIS = YES;
				CLANG_WARN_STRICT_PROTOTYPES = YES;
				CLANG_WARN_SUSPICIOUS_MOVE = YES;
				CLANG_WARN_UNGUARDED_AVAILABILITY = YES_AGGRESSIVE;
				CLANG_WARN_UNREACHABLE_CODE = YES;
				CLANG_WARN__DUPLICATE_METHOD_MATCH = YES;
				CODE_SIGN_IDENTITY = "iPhone Developer";
				COPY_PHASE_STRIP = NO;
				DEBUG_INFORMATION_FORMAT = dwarf;
				ENABLE_STRICT_OBJC_MSGSEND = YES;
				ENABLE_TESTABILITY = YES;
				GCC_C_LANGUAGE_STANDARD = gnu11;
				GCC_DYNAMIC_NO_PIC = NO;
				GCC_NO_COMMON_BLOCKS = YES;
				GCC_OPTIMIZATION_LEVEL = 0;
				GCC_PREPROCESSOR_DEFINITIONS = (
					"DEBUG=1",
					"$(inherited)",
				);
				GCC_WARN_64_TO_32_BIT_CONVERSION = YES;
				GCC_WARN_ABOUT_RETURN_TYPE = YES_ERROR;
				GCC_WARN_UNDECLARED_SELECTOR = YES;
				GCC_WARN_UNINITIALIZED_AUTOS = YES_AGGRESSIVE;
				GCC_WARN_UNUSED_FUNCTION = YES;
				GCC_WARN_UNUSED_VARIABLE = YES;
				IPHONEOS_DEPLOYMENT_TARGET = 11.2;
				MTL_ENABLE_DEBUG_INFO = YES;
				ONLY_ACTIVE_ARCH = YES;
				SDKROOT = iphoneos;
				SWIFT_ACTIVE_COMPILATION_CONDITIONS = DEBUG;
				SWIFT_OPTIMIZATION_LEVEL = "-Onone";
			};
			name = Debug;
		};
		83073F41204011FD00A9D1F2 /* Release */ = {
			isa = XCBuildConfiguration;
			buildSettings = {
				ALWAYS_SEARCH_USER_PATHS = NO;
				CLANG_ANALYZER_NONNULL = YES;
				CLANG_ANALYZER_NUMBER_OBJECT_CONVERSION = YES_AGGRESSIVE;
				CLANG_CXX_LANGUAGE_STANDARD = "gnu++14";
				CLANG_CXX_LIBRARY = "libc++";
				CLANG_ENABLE_MODULES = YES;
				CLANG_ENABLE_OBJC_ARC = YES;
				CLANG_WARN_BLOCK_CAPTURE_AUTORELEASING = YES;
				CLANG_WARN_BOOL_CONVERSION = YES;
				CLANG_WARN_COMMA = YES;
				CLANG_WARN_CONSTANT_CONVERSION = YES;
				CLANG_WARN_DEPRECATED_OBJC_IMPLEMENTATIONS = YES;
				CLANG_WARN_DIRECT_OBJC_ISA_USAGE = YES_ERROR;
				CLANG_WARN_DOCUMENTATION_COMMENTS = YES;
				CLANG_WARN_EMPTY_BODY = YES;
				CLANG_WARN_ENUM_CONVERSION = YES;
				CLANG_WARN_INFINITE_RECURSION = YES;
				CLANG_WARN_INT_CONVERSION = YES;
				CLANG_WARN_NON_LITERAL_NULL_CONVERSION = YES;
				CLANG_WARN_OBJC_IMPLICIT_RETAIN_SELF = YES;
				CLANG_WARN_OBJC_LITERAL_CONVERSION = YES;
				CLANG_WARN_OBJC_ROOT_CLASS = YES_ERROR;
				CLANG_WARN_RANGE_LOOP_ANALYSIS = YES;
				CLANG_WARN_STRICT_PROTOTYPES = YES;
				CLANG_WARN_SUSPICIOUS_MOVE = YES;
				CLANG_WARN_UNGUARDED_AVAILABILITY = YES_AGGRESSIVE;
				CLANG_WARN_UNREACHABLE_CODE = YES;
				CLANG_WARN__DUPLICATE_METHOD_MATCH = YES;
				CODE_SIGN_IDENTITY = "iPhone Developer";
				COPY_PHASE_STRIP = NO;
				DEBUG_INFORMATION_FORMAT = "dwarf-with-dsym";
				ENABLE_NS_ASSERTIONS = NO;
				ENABLE_STRICT_OBJC_MSGSEND = YES;
				GCC_C_LANGUAGE_STANDARD = gnu11;
				GCC_NO_COMMON_BLOCKS = YES;
				GCC_WARN_64_TO_32_BIT_CONVERSION = YES;
				GCC_WARN_ABOUT_RETURN_TYPE = YES_ERROR;
				GCC_WARN_UNDECLARED_SELECTOR = YES;
				GCC_WARN_UNINITIALIZED_AUTOS = YES_AGGRESSIVE;
				GCC_WARN_UNUSED_FUNCTION = YES;
				GCC_WARN_UNUSED_VARIABLE = YES;
				IPHONEOS_DEPLOYMENT_TARGET = 11.2;
				MTL_ENABLE_DEBUG_INFO = NO;
				SDKROOT = iphoneos;
				SWIFT_OPTIMIZATION_LEVEL = "-Owholemodule";
				VALIDATE_PRODUCT = YES;
			};
			name = Release;
		};
		83073F43204011FD00A9D1F2 /* Debug */ = {
			isa = XCBuildConfiguration;
			buildSettings = {
				ASSETCATALOG_COMPILER_APPICON_NAME = AppIcon;
				CODE_SIGN_STYLE = Automatic;
				INFOPLIST_FILE = TheWorstMovieApp/Info.plist;
				LD_RUNPATH_SEARCH_PATHS = "$(inherited) @executable_path/Frameworks";
				PRODUCT_BUNDLE_IDENTIFIER = "Fontys-University.TheWorstMovieApp";
				PRODUCT_NAME = "$(TARGET_NAME)";
				SWIFT_VERSION = 4.0;
				TARGETED_DEVICE_FAMILY = "1,2";
			};
			name = Debug;
		};
		83073F44204011FD00A9D1F2 /* Release */ = {
			isa = XCBuildConfiguration;
			buildSettings = {
				ASSETCATALOG_COMPILER_APPICON_NAME = AppIcon;
				CODE_SIGN_STYLE = Automatic;
				INFOPLIST_FILE = TheWorstMovieApp/Info.plist;
				LD_RUNPATH_SEARCH_PATHS = "$(inherited) @executable_path/Frameworks";
				PRODUCT_BUNDLE_IDENTIFIER = "Fontys-University.TheWorstMovieApp";
				PRODUCT_NAME = "$(TARGET_NAME)";
				SWIFT_VERSION = 4.0;
				TARGETED_DEVICE_FAMILY = "1,2";
			};
			name = Release;
		};
/* End XCBuildConfiguration section */

/* Begin XCConfigurationList section */
		83073F2B204011FD00A9D1F2 /* Build configuration list for PBXProject "TheWorstMovieApp" */ = {
			isa = XCConfigurationList;
			buildConfigurations = (
				83073F40204011FD00A9D1F2 /* Debug */,
				83073F41204011FD00A9D1F2 /* Release */,
			);
			defaultConfigurationIsVisible = 0;
			defaultConfigurationName = Release;
		};
		83073F42204011FD00A9D1F2 /* Build configuration list for PBXNativeTarget "TheWorstMovieApp" */ = {
			isa = XCConfigurationList;
			buildConfigurations = (
				83073F43204011FD00A9D1F2 /* Debug */,
				83073F44204011FD00A9D1F2 /* Release */,
			);
			defaultConfigurationIsVisible = 0;
			defaultConfigurationName = Release;
		};
/* End XCConfigurationList section */
	};
	rootObject = 83073F28204011FD00A9D1F2 /* Project object */;
}
